{
  "name": "font",
  "version": "1.0.0",
  "lockfileVersion": 2,
  "requires": true,
  "packages": {
    "": {
      "name": "font",
      "version": "1.0.0",
      "license": "ISC",
      "dependencies": {
        "@vant/weapp": "^1.10.25",
        "wx-pin-prompt": "^1.3.6"
      }
    },
    "node_modules/@vant/weapp": {
      "version": "1.10.25",
      "resolved": "https://registry.npmmirror.com/@vant/weapp/-/weapp-1.10.25.tgz",
      "integrity": "sha512-UGtEZdyaYNDfZ2GJ4qHU1ch23s2iYaPhxd+kx/baPvtPOlIllCLw0yk5v+4mMG6ZyMmIZCQd3nbLIEwDezLWYA=="
    },
    "node_modules/wx-pin-prompt": {
      "version": "1.3.6",
      "resolved": "https://registry.npmmirror.com/wx-pin-prompt/-/wx-pin-prompt-1.3.6.tgz",
      "integrity": "sha512-s1jjaZDg5Yz6ht72yBlZI470w3QdwSfk6AKj3xLg1vd5XNN/UKXhwaik1t82jNQGHQBpVJrwwPcOVdlPNUg/AA=="
    }
  },
  "dependencies": {
    "@vant/weapp": {
      "version": "1.10.25",
      "resolved": "https://registry.npmmirror.com/@vant/weapp/-/weapp-1.10.25.tgz",
      "integrity": "sha512-UGtEZdyaYNDfZ2GJ4qHU1ch23s2iYaPhxd+kx/baPvtPOlIllCLw0yk5v+4mMG6ZyMmIZCQd3nbLIEwDezLWYA=="
    },
    "wx-pin-prompt": {
      "version": "1.3.6",
      "resolved": "https://registry.npmmirror.com/wx-pin-prompt/-/wx-pin-prompt-1.3.6.tgz",
      "integrity": "sha512-s1jjaZDg5Yz6ht72yBlZI470w3QdwSfk6AKj3xLg1vd5XNN/UKXhwaik1t82jNQGHQBpVJrwwPcOVdlPNUg/AA=="
    }
  }
}
