{
  "name": "woker",
  "version": "1.0.0",
  "lockfileVersion": 3,
  "requires": true,
  "packages": {
    "": {
      "name": "woker",
      "version": "1.0.0",
      "license": "ISC",
      "dependencies": {
        "@vant/weapp": "^1.11.0"
      }
    },
    "node_modules/@vant/weapp": {
      "version": "1.11.0",
      "resolved": "https://registry.npmmirror.com/@vant/weapp/-/weapp-1.11.0.tgz",
      "integrity": "sha512-4m0w6H6VSYOXmTcTaoZPlTMCF8+dD0MdccBvM8UGXACkT8xuYlSBzHcttr089hpVknaaGoYn2zub1l3bzIv2Uw=="
    }
  }
}
